
Microsoft Visual Studio Solution File, Format Version 12.00
# Visual Studio 15
VisualStudioVersion = 15.0.27703.2000
MinimumVisualStudioVersion = 10.0.40219.1
Project("{FAE04EC0-301F-11D3-BF4B-00C04F79EFBC}") = "Airline Reviews", "Airline Reviews\Airline Reviews.csproj", "{D24DA96A-B5D3-4784-9794-58439A0B851D}"
EndProject
Global
	GlobalSection(SolutionConfigurationPlatforms) = preSolution
		Debug|Any CPU = Debug|Any CPU
		Release|Any CPU = Release|Any CPU
	EndGlobalSection
	GlobalSection(ProjectConfigurationPlatforms) = postSolution
		{D24DA96A-B5D3-4784-9794-58439A0B851D}.Debug|Any CPU.ActiveCfg = Debug|Any CPU
		{D24DA96A-B5D3-4784-9794-58439A0B851D}.Debug|Any CPU.Build.0 = Debug|Any CPU
		{D24DA96A-B5D3-4784-9794-58439A0B851D}.Release|Any CPU.ActiveCfg = Release|Any CPU
		{D24DA96A-B5D3-4784-9794-58439A0B851D}.Release|Any CPU.Build.0 = Release|Any CPU
	EndGlobalSection
	GlobalSection(SolutionProperties) = preSolution
		HideSolutionNode = FALSE
	EndGlobalSection
	GlobalSection(ExtensibilityGlobals) = postSolution
		SolutionGuid = {047CC87E-6D7F-4A67-A61F-F9239B9C4225}
	EndGlobalSection
EndGlobal
